// !$*UTF8*$!
{
	archiveVersion = 1;
	classes = {
	};
	objectVersion = 56;
	objects = {

/* Begin PBXBuildFile section */
		3793FBBD2ABFB47C58638E6B /* Pods_lottie_ios.framework in Frameworks */ = {isa = PBXBuildFile; fileRef = 6A8B0D04F0FB7A773CAEFC1E /* Pods_lottie_ios.framework */; };
		3A9DF7FD2948145700D484D1 /* AppDelegate.swift in Sources */ = {isa = PBXBuildFile; fileRef = 3A9DF7FC2948145700D484D1 /* AppDelegate.swift */; };
		3A9DF7FF2948145700D484D1 /* SceneDelegate.swift in Sources */ = {isa = PBXBuildFile; fileRef = 3A9DF7FE2948145700D484D1 /* SceneDelegate.swift */; };
		3A9DF8012948145700D484D1 /* ViewController.swift in Sources */ = {isa = PBXBuildFile; fileRef = 3A9DF8002948145700D484D1 /* ViewController.swift */; };
		3A9DF8042948145700D484D1 /* Main.storyboard in Resources */ = {isa = PBXBuildFile; fileRef = 3A9DF8022948145700D484D1 /* Main.storyboard */; };
		3A9DF8062948145800D484D1 /* Assets.xcassets in Resources */ = {isa = PBXBuildFile; fileRef = 3A9DF8052948145800D484D1 /* Assets.xcassets */; };
		3A9DF8092948145800D484D1 /* LaunchScreen.storyboard in Resources */ = {isa = PBXBuildFile; fileRef = 3A9DF8072948145800D484D1 /* LaunchScreen.storyboard */; };
		3A9DF81229481C8500D484D1 /* animation.json in Resources */ = {isa = PBXBuildFile; fileRef = 3A9DF81129481C8500D484D1 /* animation.json */; };
/* End PBXBuildFile section */

/* Begin PBXFileReference section */
		3A9DF7F92948145700D484D1 /* lottie-ios.app */ = {isa = PBXFileReference; explicitFileType = wrapper.application; includeInIndex = 0; path = "lottie-ios.app"; sourceTree = BUILT_PRODUCTS_DIR; };
		3A9DF7FC2948145700D484D1 /* AppDelegate.swift */ = {isa = PBXFileReference; lastKnownFileType = sourcecode.swift; path = AppDelegate.swift; sourceTree = "<group>"; };
		3A9DF7FE2948145700D484D1 /* SceneDelegate.swift */ = {isa = PBXFileReference; lastKnownFileType = sourcecode.swift; path = SceneDelegate.swift; sourceTree = "<group>"; };
		3A9DF8002948145700D484D1 /* ViewController.swift */ = {isa = PBXFileReference; lastKnownFileType = sourcecode.swift; path = ViewController.swift; sourceTree = "<group>"; };
		3A9DF8032948145700D484D1 /* Base */ = {isa = PBXFileReference; lastKnownFileType = file.storyboard; name = Base; path = Base.lproj/Main.storyboard; sourceTree = "<group>"; };
		3A9DF8052948145800D484D1 /* Assets.xcassets */ = {isa = PBXFileReference; lastKnownFileType = folder.assetcatalog; path = Assets.xcassets; sourceTree = "<group>"; };
		3A9DF8082948145800D484D1 /* Base */ = {isa = PBXFileReference; lastKnownFileType = file.storyboard; name = Base; path = Base.lproj/LaunchScreen.storyboard; sourceTree = "<group>"; };
		3A9DF80A2948145800D484D1 /* Info.plist */ = {isa = PBXFileReference; lastKnownFileType = text.plist.xml; path = Info.plist; sourceTree = "<group>"; };
		3A9DF81129481C8500D484D1 /* animation.json */ = {isa = PBXFileReference; fileEncoding = 4; lastKnownFileType = text.json; path = animation.json; sourceTree = "<group>"; };
		473CF4DBFBA3708C2A1A3221 /* Pods-lottie-ios.release.xcconfig */ = {isa = PBXFileReference; includeInIndex = 1; lastKnownFileType = text.xcconfig; name = "Pods-lottie-ios.release.xcconfig"; path = "Target Support Files/Pods-lottie-ios/Pods-lottie-ios.release.xcconfig"; sourceTree = "<group>"; };
		6A8B0D04F0FB7A773CAEFC1E /* Pods_lottie_ios.framework */ = {isa = PBXFileReference; explicitFileType = wrapper.framework; includeInIndex = 0; path = Pods_lottie_ios.framework; sourceTree = BUILT_PRODUCTS_DIR; };
		F3417847C96394773CDF7A95 /* Pods-lottie-ios.debug.xcconfig */ = {isa = PBXFileReference; includeInIndex = 1; lastKnownFileType = text.xcconfig; name = "Pods-lottie-ios.debug.xcconfig"; path = "Target Support Files/Pods-lottie-ios/Pods-lottie-ios.debug.xcconfig"; sourceTree = "<group>"; };
/* End PBXFileReference section */

/* Begin PBXFrameworksBuildPhase section */
		3A9DF7F62948145700D484D1 /* Frameworks */ = {
			isa = PBXFrameworksBuildPhase;
			buildActionMask = 2147483647;
			files = (
				3793FBBD2ABFB47C58638E6B /* Pods_lottie_ios.framework in Frameworks */,
			);
			runOnlyForDeploymentPostprocessing = 0;
		};
/* End PBXFrameworksBuildPhase section */

/* Begin PBXGroup section */
		05EF1016C47D6DF0E42A3C3E /* Pods */ = {
			isa = PBXGroup;
			children = (
				F3417847C96394773CDF7A95 /* Pods-lottie-ios.debug.xcconfig */,
				473CF4DBFBA3708C2A1A3221 /* Pods-lottie-ios.release.xcconfig */,
			);
			path = Pods;
			sourceTree = "<group>";
		};
		3A9DF7F02948145700D484D1 = {
			isa = PBXGroup;
			children = (
				3A9DF7FB2948145700D484D1 /* lottie-ios */,
				3A9DF7FA2948145700D484D1 /* Products */,
				05EF1016C47D6DF0E42A3C3E /* Pods */,
				912B60FE148528CCD1422F53 /* Frameworks */,
			);
			sourceTree = "<group>";
		};
		3A9DF7FA2948145700D484D1 /* Products */ = {
			isa = PBXGroup;
			children = (
				3A9DF7F92948145700D484D1 /* lottie-ios.app */,
			);
			name = Products;
			sourceTree = "<group>";
		};
		3A9DF7FB2948145700D484D1 /* lottie-ios */ = {
			isa = PBXGroup;
			children = (
				3A9DF81029481C5F00D484D1 /* JsonAnimation */,
				3A9DF7FC2948145700D484D1 /* AppDelegate.swift */,
				3A9DF7FE2948145700D484D1 /* SceneDelegate.swift */,
				3A9DF8002948145700D484D1 /* ViewController.swift */,
				3A9DF8022948145700D484D1 /* Main.storyboard */,
				3A9DF8052948145800D484D1 /* Assets.xcassets */,
				3A9DF8072948145800D484D1 /* LaunchScreen.storyboard */,
				3A9DF80A2948145800D484D1 /* Info.plist */,
			);
			path = "lottie-ios";
			sourceTree = "<group>";
		};
		3A9DF81029481C5F00D484D1 /* JsonAnimation */ = {
			isa = PBXGroup;
			children = (
				3A9DF81129481C8500D484D1 /* animation.json */,
			);
			path = JsonAnimation;
			sourceTree = "<group>";
		};
		912B60FE148528CCD1422F53 /* Frameworks */ = {
			isa = PBXGroup;
			children = (
				6A8B0D04F0FB7A773CAEFC1E /* Pods_lottie_ios.framework */,
			);
			name = Frameworks;
			sourceTree = "<group>";
		};
/* End PBXGroup section */

/* Begin PBXNativeTarget section */
		3A9DF7F82948145700D484D1 /* lottie-ios */ = {
			isa = PBXNativeTarget;
			buildConfigurationList = 3A9DF80D2948145800D484D1 /* Build configuration list for PBXNativeTarget "lottie-ios" */;
			buildPhases = (
				FFAD00D55CB95C14FDCCF9DE /* [CP] Check Pods Manifest.lock */,
				3A9DF7F52948145700D484D1 /* Sources */,
				3A9DF7F62948145700D484D1 /* Frameworks */,
				3A9DF7F72948145700D484D1 /* Resources */,
				15520B69E21ABBA9B75F83CB /* [CP] Embed Pods Frameworks */,
			);
			buildRules = (
			);
			dependencies = (
			);
			name = "lottie-ios";
			productName = "lottie-ios";
			productReference = 3A9DF7F92948145700D484D1 /* lottie-ios.app */;
			productType = "com.apple.product-type.application";
		};
/* End PBXNativeTarget section */

/* Begin PBXProject section */
		3A9DF7F12948145700D484D1 /* Project object */ = {
			isa = PBXProject;
			attributes = {
				BuildIndependentTargetsInParallel = 1;
				LastSwiftUpdateCheck = 1410;
				LastUpgradeCheck = 1410;
				TargetAttributes = {
					3A9DF7F82948145700D484D1 = {
						CreatedOnToolsVersion = 14.1;
					};
				};
			};
			buildConfigurationList = 3A9DF7F42948145700D484D1 /* Build configuration list for PBXProject "lottie-ios" */;
			compatibilityVersion = "Xcode 14.0";
			developmentRegion = en;
			hasScannedForEncodings = 0;
			knownRegions = (
				en,
				Base,
			);
			mainGroup = 3A9DF7F02948145700D484D1;
			productRefGroup = 3A9DF7FA2948145700D484D1 /* Products */;
			projectDirPath = "";
			projectRoot = "";
			targets = (
				3A9DF7F82948145700D484D1 /* lottie-ios */,
			);
		};
/* End PBXProject section */

/* Begin PBXResourcesBuildPhase section */
		3A9DF7F72948145700D484D1 /* Resources */ = {
			isa = PBXResourcesBuildPhase;
			buildActionMask = 2147483647;
			files = (
				3A9DF8092948145800D484D1 /* LaunchScreen.storyboard in Resources */,
				3A9DF81229481C8500D484D1 /* animation.json in Resources */,
				3A9DF8062948145800D484D1 /* Assets.xcassets in Resources */,
				3A9DF8042948145700D484D1 /* Main.storyboard in Resources */,
			);
			runOnlyForDeploymentPostprocessing = 0;
		};
/* End PBXResourcesBuildPhase section */

/* Begin PBXShellScriptBuildPhase section */
		15520B69E21ABBA9B75F83CB /* [CP] Embed Pods Frameworks */ = {
			isa = PBXShellScriptBuildPhase;
			buildActionMask = 2147483647;
			files = (
			);
			inputFileListPaths = (
				"${PODS_ROOT}/Target Support Files/Pods-lottie-ios/Pods-lottie-ios-frameworks-${CONFIGURATION}-input-files.xcfilelist",
			);
			name = "[CP] Embed Pods Frameworks";
			outputFileListPaths = (
				"${PODS_ROOT}/Target Support Files/Pods-lottie-ios/Pods-lottie-ios-frameworks-${CONFIGURATION}-output-files.xcfilelist",
			);
			runOnlyForDeploymentPostprocessing = 0;
			shellPath = /bin/sh;
			shellScript = "\"${PODS_ROOT}/Target Support Files/Pods-lottie-ios/Pods-lottie-ios-frameworks.sh\"\n";
			showEnvVarsInLog = 0;
		};
		FFAD00D55CB95C14FDCCF9DE /* [CP] Check Pods Manifest.lock */ = {
			isa = PBXShellScriptBuildPhase;
			buildActionMask = 2147483647;
			files = (
			);
			inputFileListPaths = (
			);
			inputPaths = (
				"${PODS_PODFILE_DIR_PATH}/Podfile.lock",
				"${PODS_ROOT}/Manifest.lock",
			);
			name = "[CP] Check Pods Manifest.lock";
			outputFileListPaths = (
			);
			outputPaths = (
				"$(DERIVED_FILE_DIR)/Pods-lottie-ios-checkManifestLockResult.txt",
			);
			runOnlyForDeploymentPostprocessing = 0;
			shellPath = /bin/sh;
			shellScript = "diff \"${PODS_PODFILE_DIR_PATH}/Podfile.lock\" \"${PODS_ROOT}/Manifest.lock\" > /dev/null\nif [ $? != 0 ] ; then\n    # print error to STDERR\n    echo \"error: The sandbox is not in sync with the Podfile.lock. Run 'pod install' or update your CocoaPods installation.\" >&2\n    exit 1\nfi\n# This output is used by Xcode 'outputs' to avoid re-running this script phase.\necho \"SUCCESS\" > \"${SCRIPT_OUTPUT_FILE_0}\"\n";
			showEnvVarsInLog = 0;
		};
/* End PBXShellScriptBuildPhase section */

/* Begin PBXSourcesBuildPhase section */
		3A9DF7F52948145700D484D1 /* Sources */ = {
			isa = PBXSourcesBuildPhase;
			buildActionMask = 2147483647;
			files = (
				3A9DF8012948145700D484D1 /* ViewController.swift in Sources */,
				3A9DF7FD2948145700D484D1 /* AppDelegate.swift in Sources */,
				3A9DF7FF2948145700D484D1 /* SceneDelegate.swift in Sources */,
			);
			runOnlyForDeploymentPostprocessing = 0;
		};
/* End PBXSourcesBuildPhase section */

/* Begin PBXVariantGroup section */
		3A9DF8022948145700D484D1 /* Main.storyboard */ = {
			isa = PBXVariantGroup;
			children = (
				3A9DF8032948145700D484D1 /* Base */,
			);
			name = Main.storyboard;
			sourceTree = "<group>";
		};
		3A9DF8072948145800D484D1 /* LaunchScreen.storyboard */ = {
			isa = PBXVariantGroup;
			children = (
				3A9DF8082948145800D484D1 /* Base */,
			);
			name = LaunchScreen.storyboard;
			sourceTree = "<group>";
		};
/* End PBXVariantGroup section */

/* Begin XCBuildConfiguration section */
		3A9DF80B2948145800D484D1 /* Debug */ = {
			isa = XCBuildConfiguration;
			buildSettings = {
				ALWAYS_SEARCH_USER_PATHS = NO;
				CLANG_ANALYZER_NONNULL = YES;
				CLANG_ANALYZER_NUMBER_OBJECT_CONVERSION = YES_AGGRESSIVE;
				CLANG_CXX_LANGUAGE_STANDARD = "gnu++20";
				CLANG_ENABLE_MODULES = YES;
				CLANG_ENABLE_OBJC_ARC = YES;
				CLANG_ENABLE_OBJC_WEAK = YES;
				CLANG_WARN_BLOCK_CAPTURE_AUTORELEASING = YES;
				CLANG_WARN_BOOL_CONVERSION = YES;
				CLANG_WARN_COMMA = YES;
				CLANG_WARN_CONSTANT_CONVERSION = YES;
				CLANG_WARN_DEPRECATED_OBJC_IMPLEMENTATIONS = YES;
				CLANG_WARN_DIRECT_OBJC_ISA_USAGE = YES_ERROR;
				CLANG_WARN_DOCUMENTATION_COMMENTS = YES;
				CLANG_WARN_EMPTY_BODY = YES;
				CLANG_WARN_ENUM_CONVERSION = YES;
				CLANG_WARN_INFINITE_RECURSION = YES;
				CLANG_WARN_INT_CONVERSION = YES;
				CLANG_WARN_NON_LITERAL_NULL_CONVERSION = YES;
				CLANG_WARN_OBJC_IMPLICIT_RETAIN_SELF = YES;
				CLANG_WARN_OBJC_LITERAL_CONVERSION = YES;
				CLANG_WARN_OBJC_ROOT_CLASS = YES_ERROR;
				CLANG_WARN_QUOTED_INCLUDE_IN_FRAMEWORK_HEADER = YES;
				CLANG_WARN_RANGE_LOOP_ANALYSIS = YES;
				CLANG_WARN_STRICT_PROTOTYPES = YES;
				CLANG_WARN_SUSPICIOUS_MOVE = YES;
				CLANG_WARN_UNGUARDED_AVAILABILITY = YES_AGGRESSIVE;
				CLANG_WARN_UNREACHABLE_CODE = YES;
				CLANG_WARN__DUPLICATE_METHOD_MATCH = YES;
				COPY_PHASE_STRIP = NO;
				DEBUG_INFORMATION_FORMAT = dwarf;
				ENABLE_STRICT_OBJC_MSGSEND = YES;
				ENABLE_TESTABILITY = YES;
				GCC_C_LANGUAGE_STANDARD = gnu11;
				GCC_DYNAMIC_NO_PIC = NO;
				GCC_NO_COMMON_BLOCKS = YES;
				GCC_OPTIMIZATION_LEVEL = 0;
				GCC_PREPROCESSOR_DEFINITIONS = (
					"DEBUG=1",
					"$(inherited)",
				);
				GCC_WARN_64_TO_32_BIT_CONVERSION = YES;
				GCC_WARN_ABOUT_RETURN_TYPE = YES_ERROR;
				GCC_WARN_UNDECLARED_SELECTOR = YES;
				GCC_WARN_UNINITIALIZED_AUTOS = YES_AGGRESSIVE;
				GCC_WARN_UNUSED_FUNCTION = YES;
				GCC_WARN_UNUSED_VARIABLE = YES;
				IPHONEOS_DEPLOYMENT_TARGET = 16.1;
				MTL_ENABLE_DEBUG_INFO = INCLUDE_SOURCE;
				MTL_FAST_MATH = YES;
				ONLY_ACTIVE_ARCH = YES;
				SDKROOT = iphoneos;
				SWIFT_ACTIVE_COMPILATION_CONDITIONS = DEBUG;
				SWIFT_OPTIMIZATION_LEVEL = "-Onone";
			};
			name = Debug;
		};
		3A9DF80C2948145800D484D1 /* Release */ = {
			isa = XCBuildConfiguration;
			buildSettings = {
				ALWAYS_SEARCH_USER_PATHS = NO;
				CLANG_ANALYZER_NONNULL = YES;
				CLANG_ANALYZER_NUMBER_OBJECT_CONVERSION = YES_AGGRESSIVE;
				CLANG_CXX_LANGUAGE_STANDARD = "gnu++20";
				CLANG_ENABLE_MODULES = YES;
				CLANG_ENABLE_OBJC_ARC = YES;
				CLANG_ENABLE_OBJC_WEAK = YES;
				CLANG_WARN_BLOCK_CAPTURE_AUTORELEASING = YES;
				CLANG_WARN_BOOL_CONVERSION = YES;
				CLANG_WARN_COMMA = YES;
				CLANG_WARN_CONSTANT_CONVERSION = YES;
				CLANG_WARN_DEPRECATED_OBJC_IMPLEMENTATIONS = YES;
				CLANG_WARN_DIRECT_OBJC_ISA_USAGE = YES_ERROR;
				CLANG_WARN_DOCUMENTATION_COMMENTS = YES;
				CLANG_WARN_EMPTY_BODY = YES;
				CLANG_WARN_ENUM_CONVERSION = YES;
				CLANG_WARN_INFINITE_RECURSION = YES;
				CLANG_WARN_INT_CONVERSION = YES;
				CLANG_WARN_NON_LITERAL_NULL_CONVERSION = YES;
				CLANG_WARN_OBJC_IMPLICIT_RETAIN_SELF = YES;
				CLANG_WARN_OBJC_LITERAL_CONVERSION = YES;
				CLANG_WARN_OBJC_ROOT_CLASS = YES_ERROR;
				CLANG_WARN_QUOTED_INCLUDE_IN_FRAMEWORK_HEADER = YES;
				CLANG_WARN_RANGE_LOOP_ANALYSIS = YES;
				CLANG_WARN_STRICT_PROTOTYPES = YES;
				CLANG_WARN_SUSPICIOUS_MOVE = YES;
				CLANG_WARN_UNGUARDED_AVAILABILITY = YES_AGGRESSIVE;
				CLANG_WARN_UNREACHABLE_CODE = YES;
				CLANG_WARN__DUPLICATE_METHOD_MATCH = YES;
				COPY_PHASE_STRIP = NO;
				DEBUG_INFORMATION_FORMAT = "dwarf-with-dsym";
				ENABLE_NS_ASSERTIONS = NO;
				ENABLE_STRICT_OBJC_MSGSEND = YES;
				GCC_C_LANGUAGE_STANDARD = gnu11;
				GCC_NO_COMMON_BLOCKS = YES;
				GCC_WARN_64_TO_32_BIT_CONVERSION = YES;
				GCC_WARN_ABOUT_RETURN_TYPE = YES_ERROR;
				GCC_WARN_UNDECLARED_SELECTOR = YES;
				GCC_WARN_UNINITIALIZED_AUTOS = YES_AGGRESSIVE;
				GCC_WARN_UNUSED_FUNCTION = YES;
				GCC_WARN_UNUSED_VARIABLE = YES;
				IPHONEOS_DEPLOYMENT_TARGET = 16.1;
				MTL_ENABLE_DEBUG_INFO = NO;
				MTL_FAST_MATH = YES;
				SDKROOT = iphoneos;
				SWIFT_COMPILATION_MODE = wholemodule;
				SWIFT_OPTIMIZATION_LEVEL = "-O";
				VALIDATE_PRODUCT = YES;
			};
			name = Release;
		};
		3A9DF80E2948145800D484D1 /* Debug */ = {
			isa = XCBuildConfiguration;
			baseConfigurationReference = F3417847C96394773CDF7A95 /* Pods-lottie-ios.debug.xcconfig */;
			buildSettings = {
				ASSETCATALOG_COMPILER_APPICON_NAME = AppIcon;
				ASSETCATALOG_COMPILER_GLOBAL_ACCENT_COLOR_NAME = AccentColor;
				CODE_SIGN_STYLE = Automatic;
				CURRENT_PROJECT_VERSION = 1;
				DEVELOPMENT_TEAM = VMBR234FH9;
				GENERATE_INFOPLIST_FILE = YES;
				INFOPLIST_FILE = "lottie-ios/Info.plist";
				INFOPLIST_KEY_UIApplicationSupportsIndirectInputEvents = YES;
				INFOPLIST_KEY_UILaunchStoryboardName = LaunchScreen;
				INFOPLIST_KEY_UIMainStoryboardFile = Main;
				INFOPLIST_KEY_UISupportedInterfaceOrientations_iPad = "UIInterfaceOrientationPortrait UIInterfaceOrientationPortraitUpsideDown UIInterfaceOrientationLandscapeLeft UIInterfaceOrientationLandscapeRight";
				INFOPLIST_KEY_UISupportedInterfaceOrientations_iPhone = "UIInterfaceOrientationPortrait UIInterfaceOrientationLandscapeLeft UIInterfaceOrientationLandscapeRight";
				LD_RUNPATH_SEARCH_PATHS = (
					"$(inherited)",
					"@executable_path/Frameworks",
				);
				MARKETING_VERSION = 1.0;
				PRODUCT_BUNDLE_IDENTIFIER = "VNPAY.lottie-ios";
				PRODUCT_NAME = "$(TARGET_NAME)";
				SWIFT_EMIT_LOC_STRINGS = YES;
				SWIFT_VERSION = 5.0;
				TARGETED_DEVICE_FAMILY = "1,2";
			};
			name = Debug;
		};
		3A9DF80F2948145800D484D1 /* Release */ = {
			isa = XCBuildConfiguration;
			baseConfigurationReference = 473CF4DBFBA3708C2A1A3221 /* Pods-lottie-ios.release.xcconfig */;
			buildSettings = {
				ASSETCATALOG_COMPILER_APPICON_NAME = AppIcon;
				ASSETCATALOG_COMPILER_GLOBAL_ACCENT_COLOR_NAME = AccentColor;
				CODE_SIGN_STYLE = Automatic;
				CURRENT_PROJECT_VERSION = 1;
				DEVELOPMENT_TEAM = VMBR234FH9;
				GENERATE_INFOPLIST_FILE = YES;
				INFOPLIST_FILE = "lottie-ios/Info.plist";
				INFOPLIST_KEY_UIApplicationSupportsIndirectInputEvents = YES;
				INFOPLIST_KEY_UILaunchStoryboardName = LaunchScreen;
				INFOPLIST_KEY_UIMainStoryboardFile = Main;
				INFOPLIST_KEY_UISupportedInterfaceOrientations_iPad = "UIInterfaceOrientationPortrait UIInterfaceOrientationPortraitUpsideDown UIInterfaceOrientationLandscapeLeft UIInterfaceOrientationLandscapeRight";
				INFOPLIST_KEY_UISupportedInterfaceOrientations_iPhone = "UIInterfaceOrientationPortrait UIInterfaceOrientationLandscapeLeft UIInterfaceOrientationLandscapeRight";
				LD_RUNPATH_SEARCH_PATHS = (
					"$(inherited)",
					"@executable_path/Frameworks",
				);
				MARKETING_VERSION = 1.0;
				PRODUCT_BUNDLE_IDENTIFIER = "VNPAY.lottie-ios";
				PRODUCT_NAME = "$(TARGET_NAME)";
				SWIFT_EMIT_LOC_STRINGS = YES;
				SWIFT_VERSION = 5.0;
				TARGETED_DEVICE_FAMILY = "1,2";
			};
			name = Release;
		};
/* End XCBuildConfiguration section */

/* Begin XCConfigurationList section */
		3A9DF7F42948145700D484D1 /* Build configuration list for PBXProject "lottie-ios" */ = {
			isa = XCConfigurationList;
			buildConfigurations = (
				3A9DF80B2948145800D484D1 /* Debug */,
				3A9DF80C2948145800D484D1 /* Release */,
			);
			defaultConfigurationIsVisible = 0;
			defaultConfigurationName = Release;
		};
		3A9DF80D2948145800D484D1 /* Build configuration list for PBXNativeTarget "lottie-ios" */ = {
			isa = XCConfigurationList;
			buildConfigurations = (
				3A9DF80E2948145800D484D1 /* Debug */,
				3A9DF80F2948145800D484D1 /* Release */,
			);
			defaultConfigurationIsVisible = 0;
			defaultConfigurationName = Release;
		};
/* End XCConfigurationList section */
	};
	rootObject = 3A9DF7F12948145700D484D1 /* Project object */;
}
